{
  "name": "tls-implementation",
  "version": "1.0.0",
  "lockfileVersion": 1,
  "requires": true,
  "dependencies": {
    "int24": {
      "version": "0.0.1",
      "resolved": "https://mmrepo.jfrog.io/mmrepo/api/npm/npm-virtual/int24/-/int24-0.0.1.tgz",
      "integrity": "sha1-ls/xQwpGVXNS7bQGzYezCCs2nYQ="
    }
  }
}
